# This file is automatically @generated by Poetry 1.8.4 and should not be changed by hand.

[[package]]
name = "narwhals"
version = "1.38.0"
description = "Extremely lightweight compatibility layer between dataframe libraries"
optional = false
python-versions = ">=3.8"
files = [
    {file = "narwhals-1.38.0-py3-none-any.whl", hash = "sha256:148de8f1bec24644e260f6f2fe9b8e2e435f49ad13537a5261f0de34701e9153"},
    {file = "narwhals-1.38.0.tar.gz", hash = "sha256:0a356a21ad00de0db0e631332a823a6a6755544bd10b8e68a02d75029c71392e"},
]

[package.extras]
cudf = ["cudf (>=24.10.0)"]
dask = ["dask[dataframe] (>=2024.8)"]
duckdb = ["duckdb (>=1.0)"]
ibis = ["ibis-framework (>=6.0.0)", "packaging", "pyarrow-hotfix", "rich"]
modin = ["modin"]
pandas = ["pandas (>=0.25.3)"]
polars = ["polars (>=0.20.3)"]
pyarrow = ["pyarrow (>=11.0.0)"]
pyspark = ["pyspark (>=3.5.0)"]
pyspark-connect = ["pyspark[connect] (>=3.5.0)"]
sqlframe = ["sqlframe (>=3.22.0)"]

[[package]]
name = "packaging"
version = "25.0"
description = "Core utilities for Python packages"
optional = false
python-versions = ">=3.8"
files = [
    {file = "packaging-25.0-py3-none-any.whl", hash = "sha256:29572ef2b1f17581046b3a2227d5c611fb25ec70ca1ba8554b24b0e69331a484"},
    {file = "packaging-25.0.tar.gz", hash = "sha256:d443872c98d677bf60f6a1f2f8c1cb748e8fe762d2bf9d3148b5599295b0fc4f"},
]

[[package]]
name = "plotly"
version = "6.0.1"
description = "An open-source interactive data visualization library for Python"
optional = false
python-versions = ">=3.8"
files = [
    {file = "plotly-6.0.1-py3-none-any.whl", hash = "sha256:4714db20fea57a435692c548a4eb4fae454f7daddf15f8d8ba7e1045681d7768"},
    {file = "plotly-6.0.1.tar.gz", hash = "sha256:dd8400229872b6e3c964b099be699f8d00c489a974f2cfccfad5e8240873366b"},
]

[package.dependencies]
narwhals = ">=1.15.1"
packaging = "*"

[package.extras]
express = ["numpy"]

[metadata]
lock-version = "2.0"
python-versions = "^3.12"
content-hash = "58369c10c60906d8e7bedd03e47688a309338516efc4e4ab6f4dbd3193c99a0d"
