# This file is automatically @generated by Poetry 1.5.1 and should not be changed by hand.

[[package]]
name = "exp20250206-desc"
version = "0.1.0"
description = ""
optional = false
python-versions = "^3.10"
files = []
develop = true

[package.source]
type = "directory"
url = "../exp20250206_desc"

[metadata]
lock-version = "2.0"
python-versions = "^3.10"
content-hash = "d7b92ff6725a5a4a95df26e6faf9fc9c0aa8defa2b2f3f8b5345741c6c297556"
